
Microsoft Visual Studio Solution File, Format Version 12.00
# Visual Studio 15
VisualStudioVersion = 15.0.27130.2036
MinimumVisualStudioVersion = 10.0.40219.1
Project("{FAE04EC0-301F-11D3-BF4B-00C04F79EFBC}") = "SharpCheddar.Core", "SharpCheddar.Core\SharpCheddar.Core.csproj", "{A0476639-4970-4CE0-8FA4-4EC7484104BA}"
EndProject
Project("{2150E333-8FDC-42A3-9474-1A3956D46DE8}") = "Solution Items", "Solution Items", "{BF14E153-3DEC-42DC-A66A-000760200E35}"
	ProjectSection(SolutionItems) = preProject
		.gitignore = .gitignore
	EndProjectSection
EndProject
Project("{9A19103F-16F7-4668-BE54-9A1E7A4F7556}") = "SharpCheddar.EntityFrameworkCore", "SharpCheddar.EFCore\SharpCheddar.EntityFrameworkCore.csproj", "{C42A1032-B89E-4AEA-8EBD-61E78B21BACA}"
EndProject
Project("{9A19103F-16F7-4668-BE54-9A1E7A4F7556}") = "Tests", "Tests\Tests.csproj", "{16C89A0F-2154-495A-9FAB-EEF732013728}"
EndProject
Global
	GlobalSection(SolutionConfigurationPlatforms) = preSolution
		Debug|Any CPU = Debug|Any CPU
		Debug|x86 = Debug|x86
		Release|Any CPU = Release|Any CPU
		Release|x86 = Release|x86
	EndGlobalSection
	GlobalSection(ProjectConfigurationPlatforms) = postSolution
		{A0476639-4970-4CE0-8FA4-4EC7484104BA}.Debug|Any CPU.ActiveCfg = Debug|Any CPU
		{A0476639-4970-4CE0-8FA4-4EC7484104BA}.Debug|Any CPU.Build.0 = Debug|Any CPU
		{A0476639-4970-4CE0-8FA4-4EC7484104BA}.Debug|x86.ActiveCfg = Debug|Any CPU
		{A0476639-4970-4CE0-8FA4-4EC7484104BA}.Debug|x86.Build.0 = Debug|Any CPU
		{A0476639-4970-4CE0-8FA4-4EC7484104BA}.Release|Any CPU.ActiveCfg = Release|Any CPU
		{A0476639-4970-4CE0-8FA4-4EC7484104BA}.Release|Any CPU.Build.0 = Release|Any CPU
		{A0476639-4970-4CE0-8FA4-4EC7484104BA}.Release|x86.ActiveCfg = Release|Any CPU
		{A0476639-4970-4CE0-8FA4-4EC7484104BA}.Release|x86.Build.0 = Release|Any CPU
		{C42A1032-B89E-4AEA-8EBD-61E78B21BACA}.Debug|Any CPU.ActiveCfg = Debug|Any CPU
		{C42A1032-B89E-4AEA-8EBD-61E78B21BACA}.Debug|Any CPU.Build.0 = Debug|Any CPU
		{C42A1032-B89E-4AEA-8EBD-61E78B21BACA}.Debug|x86.ActiveCfg = Debug|Any CPU
		{C42A1032-B89E-4AEA-8EBD-61E78B21BACA}.Debug|x86.Build.0 = Debug|Any CPU
		{C42A1032-B89E-4AEA-8EBD-61E78B21BACA}.Release|Any CPU.ActiveCfg = Release|Any CPU
		{C42A1032-B89E-4AEA-8EBD-61E78B21BACA}.Release|Any CPU.Build.0 = Release|Any CPU
		{C42A1032-B89E-4AEA-8EBD-61E78B21BACA}.Release|x86.ActiveCfg = Release|Any CPU
		{C42A1032-B89E-4AEA-8EBD-61E78B21BACA}.Release|x86.Build.0 = Release|Any CPU
		{16C89A0F-2154-495A-9FAB-EEF732013728}.Debug|Any CPU.ActiveCfg = Debug|Any CPU
		{16C89A0F-2154-495A-9FAB-EEF732013728}.Debug|Any CPU.Build.0 = Debug|Any CPU
		{16C89A0F-2154-495A-9FAB-EEF732013728}.Debug|x86.ActiveCfg = Debug|Any CPU
		{16C89A0F-2154-495A-9FAB-EEF732013728}.Debug|x86.Build.0 = Debug|Any CPU
		{16C89A0F-2154-495A-9FAB-EEF732013728}.Release|Any CPU.ActiveCfg = Release|Any CPU
		{16C89A0F-2154-495A-9FAB-EEF732013728}.Release|Any CPU.Build.0 = Release|Any CPU
		{16C89A0F-2154-495A-9FAB-EEF732013728}.Release|x86.ActiveCfg = Release|Any CPU
		{16C89A0F-2154-495A-9FAB-EEF732013728}.Release|x86.Build.0 = Release|Any CPU
	EndGlobalSection
	GlobalSection(SolutionProperties) = preSolution
		HideSolutionNode = FALSE
	EndGlobalSection
	GlobalSection(ExtensibilityGlobals) = postSolution
		SolutionGuid = {1C7B556A-118E-4C2D-A145-A9201E21A9B9}
	EndGlobalSection
EndGlobal
